
Microsoft Visual Studio Solution File, Format Version 12.00
# Visual Studio 15
VisualStudioVersion = 15.0.27004.2006
MinimumVisualStudioVersion = 10.0.40219.1
Project("{FAE04EC0-301F-11D3-BF4B-00C04F79EFBC}") = "CompNetworkProject", "CompNetworkProject\CompNetworkProject.csproj", "{DA668AE2-91E1-4637-BDAE-24FE0F65B9B1}"
EndProject
Global
	GlobalSection(SolutionConfigurationPlatforms) = preSolution
		Debug|Any CPU = Debug|Any CPU
		Release|Any CPU = Release|Any CPU
	EndGlobalSection
	GlobalSection(ProjectConfigurationPlatforms) = postSolution
		{DA668AE2-91E1-4637-BDAE-24FE0F65B9B1}.Debug|Any CPU.ActiveCfg = Debug|Any CPU
		{DA668AE2-91E1-4637-BDAE-24FE0F65B9B1}.Debug|Any CPU.Build.0 = Debug|Any CPU
		{DA668AE2-91E1-4637-BDAE-24FE0F65B9B1}.Release|Any CPU.ActiveCfg = Release|Any CPU
		{DA668AE2-91E1-4637-BDAE-24FE0F65B9B1}.Release|Any CPU.Build.0 = Release|Any CPU
	EndGlobalSection
	GlobalSection(SolutionProperties) = preSolution
		HideSolutionNode = FALSE
	EndGlobalSection
	GlobalSection(ExtensibilityGlobals) = postSolution
		SolutionGuid = {E9348B46-A65E-4410-A179-DA55EAE68C97}
	EndGlobalSection
EndGlobal
